// !$*UTF8*$!
{
	archiveVersion = 1;
	classes = {
	};
	objectVersion = 46;
	objects = {

/* Begin PBXBuildFile section */
		1C279AF41AB2183A0018CA48 /* SDMMPreferencesDevicesViewController.m in Sources */ = {isa = PBXBuildFile; fileRef = 1C279AF31AB2183A0018CA48 /* SDMMPreferencesDevicesViewController.m */; };
		1C57437C1AACB7BA0054451B /* SDMMUserPreferencesManager.m in Sources */ = {isa = PBXBuildFile; fileRef = 1C57437B1AACB7BA0054451B /* SDMMUserPreferencesManager.m */; };
		1C57437E1AACDD5E0054451B /* StatusItemMenu.xib in Resources */ = {isa = PBXBuildFile; fileRef = 1C57437D1AACDD5E0054451B /* StatusItemMenu.xib */; };
		1C5743811AACE87A0054451B /* SDMMStatusMenuController.m in Sources */ = {isa = PBXBuildFile; fileRef = 1C5743801AACE87A0054451B /* SDMMStatusMenuController.m */; };
		1C6DF9251AB0D824000CC7C5 /* SDMMBonjourHelper.m in Sources */ = {isa = PBXBuildFile; fileRef = 1C6DF9241AB0D824000CC7C5 /* SDMMBonjourHelper.m */; };
		1C760C4F1AB5ABCE004E942D /* SDMMPreferencesAboutViewController.m in Sources */ = {isa = PBXBuildFile; fileRef = 1C760C4E1AB5ABCE004E942D /* SDMMPreferencesAboutViewController.m */; };
		1C760C521AB5AE26004E942D /* NSAttributedString+Hyperlink.m in Sources */ = {isa = PBXBuildFile; fileRef = 1C760C511AB5AE26004E942D /* NSAttributedString+Hyperlink.m */; };
		1C760C551AB5B502004E942D /* SDMMPreferencesWindowController.m in Sources */ = {isa = PBXBuildFile; fileRef = 1C760C541AB5B502004E942D /* SDMMPreferencesWindowController.m */; };
		1C760C581AB5B623004E942D /* Localizable.strings in Resources */ = {isa = PBXBuildFile; fileRef = 1C760C561AB5B623004E942D /* Localizable.strings */; };
		1C7D76C61AB7815F00F79D14 /* Images.xcassets in Resources */ = {isa = PBXBuildFile; fileRef = 1C7D76C51AB7815F00F79D14 /* Images.xcassets */; };
		1C909ABC1AAF801D00D985AF /* DockMenu.xib in Resources */ = {isa = PBXBuildFile; fileRef = 1C909ABB1AAF801D00D985AF /* DockMenu.xib */; };
		1C909ABF1AAF810A00D985AF /* SDMMDockMenuController.m in Sources */ = {isa = PBXBuildFile; fileRef = 1C909ABE1AAF810A00D985AF /* SDMMDockMenuController.m */; };
		1C92CD841AB77BD4001C1977 /* Icon.png in Resources */ = {isa = PBXBuildFile; fileRef = 1C92CD831AB77BD4001C1977 /* Icon.png */; };
		1CB225321AB42C8800E5BC5B /* SDMMBonjourHelperChannel.m in Sources */ = {isa = PBXBuildFile; fileRef = 1CB225311AB42C8800E5BC5B /* SDMMBonjourHelperChannel.m */; };
		1CBF39591AAC3ADA001525D6 /* LSHelper.m in Sources */ = {isa = PBXBuildFile; fileRef = 1CBF39581AAC3ADA001525D6 /* LSHelper.m */; };
		1CC766B21AA31DC200BF3D63 /* AppDelegate.m in Sources */ = {isa = PBXBuildFile; fileRef = 1CC766B11AA31DC200BF3D63 /* AppDelegate.m */; };
		1CC766B41AA31DC200BF3D63 /* main.m in Sources */ = {isa = PBXBuildFile; fileRef = 1CC766B31AA31DC200BF3D63 /* main.m */; };
		1CC766B71AA31DC200BF3D63 /* SDMMPreferencesGeneralViewController.m in Sources */ = {isa = PBXBuildFile; fileRef = 1CC766B61AA31DC200BF3D63 /* SDMMPreferencesGeneralViewController.m */; };
		1CC766BC1AA31DC200BF3D63 /* Main.storyboard in Resources */ = {isa = PBXBuildFile; fileRef = 1CC766BA1AA31DC200BF3D63 /* Main.storyboard */; };
		1CC766D31AA31E3E00BF3D63 /* SDMMServiceManager.m in Sources */ = {isa = PBXBuildFile; fileRef = 1CC766D21AA31E3E00BF3D63 /* SDMMServiceManager.m */; };
		1CE89ED21AAC866800735C82 /* SDMMPreferencesRootViewController.m in Sources */ = {isa = PBXBuildFile; fileRef = 1CE89ED11AAC866800735C82 /* SDMMPreferencesRootViewController.m */; };
/* End PBXBuildFile section */

/* Begin PBXFileReference section */
		1C279AF21AB2183A0018CA48 /* SDMMPreferencesDevicesViewController.h */ = {isa = PBXFileReference; fileEncoding = 4; lastKnownFileType = sourcecode.c.h; path = SDMMPreferencesDevicesViewController.h; sourceTree = "<group>"; };
		1C279AF31AB2183A0018CA48 /* SDMMPreferencesDevicesViewController.m */ = {isa = PBXFileReference; fileEncoding = 4; lastKnownFileType = sourcecode.c.objc; path = SDMMPreferencesDevicesViewController.m; sourceTree = "<group>"; };
		1C57437A1AACB7BA0054451B /* SDMMUserPreferencesManager.h */ = {isa = PBXFileReference; fileEncoding = 4; lastKnownFileType = sourcecode.c.h; path = SDMMUserPreferencesManager.h; sourceTree = "<group>"; };
		1C57437B1AACB7BA0054451B /* SDMMUserPreferencesManager.m */ = {isa = PBXFileReference; fileEncoding = 4; lastKnownFileType = sourcecode.c.objc; path = SDMMUserPreferencesManager.m; sourceTree = "<group>"; };
		1C57437D1AACDD5E0054451B /* StatusItemMenu.xib */ = {isa = PBXFileReference; fileEncoding = 4; lastKnownFileType = file.xib; path = StatusItemMenu.xib; sourceTree = "<group>"; };
		1C57437F1AACE87A0054451B /* SDMMStatusMenuController.h */ = {isa = PBXFileReference; fileEncoding = 4; lastKnownFileType = sourcecode.c.h; path = SDMMStatusMenuController.h; sourceTree = "<group>"; };
		1C5743801AACE87A0054451B /* SDMMStatusMenuController.m */ = {isa = PBXFileReference; fileEncoding = 4; lastKnownFileType = sourcecode.c.objc; path = SDMMStatusMenuController.m; sourceTree = "<group>"; };
		1C6DF9231AB0D824000CC7C5 /* SDMMBonjourHelper.h */ = {isa = PBXFileReference; fileEncoding = 4; lastKnownFileType = sourcecode.c.h; path = SDMMBonjourHelper.h; sourceTree = "<group>"; };
		1C6DF9241AB0D824000CC7C5 /* SDMMBonjourHelper.m */ = {isa = PBXFileReference; fileEncoding = 4; lastKnownFileType = sourcecode.c.objc; path = SDMMBonjourHelper.m; sourceTree = "<group>"; };
		1C760C4D1AB5ABCE004E942D /* SDMMPreferencesAboutViewController.h */ = {isa = PBXFileReference; fileEncoding = 4; lastKnownFileType = sourcecode.c.h; path = SDMMPreferencesAboutViewController.h; sourceTree = "<group>"; };
		1C760C4E1AB5ABCE004E942D /* SDMMPreferencesAboutViewController.m */ = {isa = PBXFileReference; fileEncoding = 4; lastKnownFileType = sourcecode.c.objc; path = SDMMPreferencesAboutViewController.m; sourceTree = "<group>"; };
		1C760C501AB5AE04004E942D /* NSAttributedString+Hyperlink.h */ = {isa = PBXFileReference; lastKnownFileType = sourcecode.c.h; path = "NSAttributedString+Hyperlink.h"; sourceTree = "<group>"; };
		1C760C511AB5AE26004E942D /* NSAttributedString+Hyperlink.m */ = {isa = PBXFileReference; fileEncoding = 4; lastKnownFileType = sourcecode.c.objc; path = "NSAttributedString+Hyperlink.m"; sourceTree = "<group>"; };
		1C760C531AB5B502004E942D /* SDMMPreferencesWindowController.h */ = {isa = PBXFileReference; fileEncoding = 4; lastKnownFileType = sourcecode.c.h; path = SDMMPreferencesWindowController.h; sourceTree = "<group>"; };
		1C760C541AB5B502004E942D /* SDMMPreferencesWindowController.m */ = {isa = PBXFileReference; fileEncoding = 4; lastKnownFileType = sourcecode.c.objc; path = SDMMPreferencesWindowController.m; sourceTree = "<group>"; };
		1C760C591AB5B630004E942D /* Base */ = {isa = PBXFileReference; fileEncoding = 4; lastKnownFileType = text.plist.strings; name = Base; path = Base.lproj/Localizable.strings; sourceTree = "<group>"; };
		1C7D76C51AB7815F00F79D14 /* Images.xcassets */ = {isa = PBXFileReference; lastKnownFileType = folder.assetcatalog; path = Images.xcassets; sourceTree = "<group>"; };
		1C909ABB1AAF801D00D985AF /* DockMenu.xib */ = {isa = PBXFileReference; fileEncoding = 4; lastKnownFileType = file.xib; path = DockMenu.xib; sourceTree = "<group>"; };
		1C909ABD1AAF810A00D985AF /* SDMMDockMenuController.h */ = {isa = PBXFileReference; fileEncoding = 4; lastKnownFileType = sourcecode.c.h; path = SDMMDockMenuController.h; sourceTree = "<group>"; };
		1C909ABE1AAF810A00D985AF /* SDMMDockMenuController.m */ = {isa = PBXFileReference; fileEncoding = 4; lastKnownFileType = sourcecode.c.objc; path = SDMMDockMenuController.m; sourceTree = "<group>"; };
		1C92CD831AB77BD4001C1977 /* Icon.png */ = {isa = PBXFileReference; lastKnownFileType = image.png; path = Icon.png; sourceTree = "<group>"; };
		1CB225301AB42C8800E5BC5B /* SDMMBonjourHelperChannel.h */ = {isa = PBXFileReference; fileEncoding = 4; lastKnownFileType = sourcecode.c.h; path = SDMMBonjourHelperChannel.h; sourceTree = "<group>"; };
		1CB225311AB42C8800E5BC5B /* SDMMBonjourHelperChannel.m */ = {isa = PBXFileReference; fileEncoding = 4; lastKnownFileType = sourcecode.c.objc; path = SDMMBonjourHelperChannel.m; sourceTree = "<group>"; };
		1CBF39571AAC3ADA001525D6 /* LSHelper.h */ = {isa = PBXFileReference; fileEncoding = 4; lastKnownFileType = sourcecode.c.h; path = LSHelper.h; sourceTree = "<group>"; };
		1CBF39581AAC3ADA001525D6 /* LSHelper.m */ = {isa = PBXFileReference; fileEncoding = 4; lastKnownFileType = sourcecode.c.objc; path = LSHelper.m; sourceTree = "<group>"; };
		1CC766AB1AA31DC200BF3D63 /* ShutdownMyMac.app */ = {isa = PBXFileReference; explicitFileType = wrapper.application; includeInIndex = 0; path = ShutdownMyMac.app; sourceTree = BUILT_PRODUCTS_DIR; };
		1CC766AF1AA31DC200BF3D63 /* Info.plist */ = {isa = PBXFileReference; lastKnownFileType = text.plist.xml; path = Info.plist; sourceTree = "<group>"; };
		1CC766B01AA31DC200BF3D63 /* AppDelegate.h */ = {isa = PBXFileReference; lastKnownFileType = sourcecode.c.h; path = AppDelegate.h; sourceTree = "<group>"; };
		1CC766B11AA31DC200BF3D63 /* AppDelegate.m */ = {isa = PBXFileReference; lastKnownFileType = sourcecode.c.objc; path = AppDelegate.m; sourceTree = "<group>"; };
		1CC766B31AA31DC200BF3D63 /* main.m */ = {isa = PBXFileReference; lastKnownFileType = sourcecode.c.objc; path = main.m; sourceTree = "<group>"; };
		1CC766B51AA31DC200BF3D63 /* SDMMPreferencesGeneralViewController.h */ = {isa = PBXFileReference; lastKnownFileType = sourcecode.c.h; path = SDMMPreferencesGeneralViewController.h; sourceTree = "<group>"; };
		1CC766B61AA31DC200BF3D63 /* SDMMPreferencesGeneralViewController.m */ = {isa = PBXFileReference; lastKnownFileType = sourcecode.c.objc; path = SDMMPreferencesGeneralViewController.m; sourceTree = "<group>"; };
		1CC766BB1AA31DC200BF3D63 /* Base */ = {isa = PBXFileReference; lastKnownFileType = file.storyboard; name = Base; path = Base.lproj/Main.storyboard; sourceTree = "<group>"; };
		1CC766C61AA31DC200BF3D63 /* Info.plist */ = {isa = PBXFileReference; lastKnownFileType = text.plist.xml; path = Info.plist; sourceTree = "<group>"; };
		1CC766C71AA31DC200BF3D63 /* ShutdownMyMac_MacOSXTests.m */ = {isa = PBXFileReference; lastKnownFileType = sourcecode.c.objc; path = ShutdownMyMac_MacOSXTests.m; sourceTree = "<group>"; };
		1CC766D11AA31E3E00BF3D63 /* SDMMServiceManager.h */ = {isa = PBXFileReference; fileEncoding = 4; lastKnownFileType = sourcecode.c.h; path = SDMMServiceManager.h; sourceTree = "<group>"; };
		1CC766D21AA31E3E00BF3D63 /* SDMMServiceManager.m */ = {isa = PBXFileReference; fileEncoding = 4; lastKnownFileType = sourcecode.c.objc; path = SDMMServiceManager.m; sourceTree = "<group>"; };
		1CE89ED01AAC866800735C82 /* SDMMPreferencesRootViewController.h */ = {isa = PBXFileReference; fileEncoding = 4; lastKnownFileType = sourcecode.c.h; path = SDMMPreferencesRootViewController.h; sourceTree = "<group>"; };
		1CE89ED11AAC866800735C82 /* SDMMPreferencesRootViewController.m */ = {isa = PBXFileReference; fileEncoding = 4; lastKnownFileType = sourcecode.c.objc; path = SDMMPreferencesRootViewController.m; sourceTree = "<group>"; };
/* End PBXFileReference section */

/* Begin PBXFrameworksBuildPhase section */
		1CC766A81AA31DC200BF3D63 /* Frameworks */ = {
			isa = PBXFrameworksBuildPhase;
			buildActionMask = 2147483647;
			files = (
			);
			runOnlyForDeploymentPostprocessing = 0;
		};
/* End PBXFrameworksBuildPhase section */

/* Begin PBXGroup section */
		1C5743771AACB75E0054451B /* Views */ = {
			isa = PBXGroup;
			children = (
				1C5743821AACE87E0054451B /* Menus */,
				1C5743781AACB7700054451B /* Preferences */,
			);
			name = Views;
			sourceTree = "<group>";
		};
		1C5743781AACB7700054451B /* Preferences */ = {
			isa = PBXGroup;
			children = (
				1CC766B51AA31DC200BF3D63 /* SDMMPreferencesGeneralViewController.h */,
				1CC766B61AA31DC200BF3D63 /* SDMMPreferencesGeneralViewController.m */,
				1CE89ED01AAC866800735C82 /* SDMMPreferencesRootViewController.h */,
				1CE89ED11AAC866800735C82 /* SDMMPreferencesRootViewController.m */,
				1C279AF21AB2183A0018CA48 /* SDMMPreferencesDevicesViewController.h */,
				1C279AF31AB2183A0018CA48 /* SDMMPreferencesDevicesViewController.m */,
				1C760C4D1AB5ABCE004E942D /* SDMMPreferencesAboutViewController.h */,
				1C760C4E1AB5ABCE004E942D /* SDMMPreferencesAboutViewController.m */,
				1C760C531AB5B502004E942D /* SDMMPreferencesWindowController.h */,
				1C760C541AB5B502004E942D /* SDMMPreferencesWindowController.m */,
			);
			name = Preferences;
			sourceTree = "<group>";
		};
		1C5743791AACB77D0054451B /* Utils */ = {
			isa = PBXGroup;
			children = (
				1CB225301AB42C8800E5BC5B /* SDMMBonjourHelperChannel.h */,
				1CB225311AB42C8800E5BC5B /* SDMMBonjourHelperChannel.m */,
				1C6DF9231AB0D824000CC7C5 /* SDMMBonjourHelper.h */,
				1C6DF9241AB0D824000CC7C5 /* SDMMBonjourHelper.m */,
				1CBF39571AAC3ADA001525D6 /* LSHelper.h */,
				1CBF39581AAC3ADA001525D6 /* LSHelper.m */,
				1C760C501AB5AE04004E942D /* NSAttributedString+Hyperlink.h */,
				1C760C511AB5AE26004E942D /* NSAttributedString+Hyperlink.m */,
			);
			name = Utils;
			sourceTree = "<group>";
		};
		1C5743821AACE87E0054451B /* Menus */ = {
			isa = PBXGroup;
			children = (
				1C57437F1AACE87A0054451B /* SDMMStatusMenuController.h */,
				1C5743801AACE87A0054451B /* SDMMStatusMenuController.m */,
				1C909ABD1AAF810A00D985AF /* SDMMDockMenuController.h */,
				1C909ABE1AAF810A00D985AF /* SDMMDockMenuController.m */,
			);
			name = Menus;
			sourceTree = "<group>";
		};
		1CC766A21AA31DC200BF3D63 = {
			isa = PBXGroup;
			children = (
				1CC766AD1AA31DC200BF3D63 /* ShutdownMyMac-MacOSX */,
				1CC766C41AA31DC200BF3D63 /* ShutdownMyMac-MacOSXTests */,
				1CC766AC1AA31DC200BF3D63 /* Products */,
			);
			sourceTree = "<group>";
		};
		1CC766AC1AA31DC200BF3D63 /* Products */ = {
			isa = PBXGroup;
			children = (
				1CC766AB1AA31DC200BF3D63 /* ShutdownMyMac.app */,
			);
			name = Products;
			sourceTree = "<group>";
		};
		1CC766AD1AA31DC200BF3D63 /* ShutdownMyMac-MacOSX */ = {
			isa = PBXGroup;
			children = (
				1C5743771AACB75E0054451B /* Views */,
				1C5743791AACB77D0054451B /* Utils */,
				1CC766D41AA31E4500BF3D63 /* Managers */,
				1C92CD831AB77BD4001C1977 /* Icon.png */,
				1C7D76C51AB7815F00F79D14 /* Images.xcassets */,
				1CC766B01AA31DC200BF3D63 /* AppDelegate.h */,
				1CC766B11AA31DC200BF3D63 /* AppDelegate.m */,
				1CC766BA1AA31DC200BF3D63 /* Main.storyboard */,
				1C57437D1AACDD5E0054451B /* StatusItemMenu.xib */,
				1C909ABB1AAF801D00D985AF /* DockMenu.xib */,
				1CC766AE1AA31DC200BF3D63 /* Supporting Files */,
			);
			path = "ShutdownMyMac-MacOSX";
			sourceTree = "<group>";
		};
		1CC766AE1AA31DC200BF3D63 /* Supporting Files */ = {
			isa = PBXGroup;
			children = (
				1C760C561AB5B623004E942D /* Localizable.strings */,
				1CC766AF1AA31DC200BF3D63 /* Info.plist */,
				1CC766B31AA31DC200BF3D63 /* main.m */,
			);
			name = "Supporting Files";
			sourceTree = "<group>";
		};
		1CC766C41AA31DC200BF3D63 /* ShutdownMyMac-MacOSXTests */ = {
			isa = PBXGroup;
			children = (
				1CC766C71AA31DC200BF3D63 /* ShutdownMyMac_MacOSXTests.m */,
				1CC766C51AA31DC200BF3D63 /* Supporting Files */,
			);
			path = "ShutdownMyMac-MacOSXTests";
			sourceTree = "<group>";
		};
		1CC766C51AA31DC200BF3D63 /* Supporting Files */ = {
			isa = PBXGroup;
			children = (
				1CC766C61AA31DC200BF3D63 /* Info.plist */,
			);
			name = "Supporting Files";
			sourceTree = "<group>";
		};
		1CC766D41AA31E4500BF3D63 /* Managers */ = {
			isa = PBXGroup;
			children = (
				1CC766D11AA31E3E00BF3D63 /* SDMMServiceManager.h */,
				1CC766D21AA31E3E00BF3D63 /* SDMMServiceManager.m */,
				1C57437A1AACB7BA0054451B /* SDMMUserPreferencesManager.h */,
				1C57437B1AACB7BA0054451B /* SDMMUserPreferencesManager.m */,
			);
			name = Managers;
			sourceTree = "<group>";
		};
/* End PBXGroup section */

/* Begin PBXNativeTarget section */
		1CC766AA1AA31DC200BF3D63 /* ShutdownMyMac */ = {
			isa = PBXNativeTarget;
			buildConfigurationList = 1CC766CB1AA31DC200BF3D63 /* Build configuration list for PBXNativeTarget "ShutdownMyMac" */;
			buildPhases = (
				1CC766A71AA31DC200BF3D63 /* Sources */,
				1CC766A81AA31DC200BF3D63 /* Frameworks */,
				1CC766A91AA31DC200BF3D63 /* Resources */,
			);
			buildRules = (
			);
			dependencies = (
			);
			name = ShutdownMyMac;
			productName = "ShutdownMyMac-MacOSX";
			productReference = 1CC766AB1AA31DC200BF3D63 /* ShutdownMyMac.app */;
			productType = "com.apple.product-type.application";
		};
/* End PBXNativeTarget section */

/* Begin PBXProject section */
		1CC766A31AA31DC200BF3D63 /* Project object */ = {
			isa = PBXProject;
			attributes = {
				LastUpgradeCheck = 0610;
				ORGANIZATIONNAME = "Jesús";
				TargetAttributes = {
					1CC766AA1AA31DC200BF3D63 = {
						CreatedOnToolsVersion = 6.1;
					};
				};
			};
			buildConfigurationList = 1CC766A61AA31DC200BF3D63 /* Build configuration list for PBXProject "ShutdownMyMac-MacOSX" */;
			compatibilityVersion = "Xcode 3.2";
			developmentRegion = English;
			hasScannedForEncodings = 0;
			knownRegions = (
				en,
				Base,
			);
			mainGroup = 1CC766A21AA31DC200BF3D63;
			productRefGroup = 1CC766AC1AA31DC200BF3D63 /* Products */;
			projectDirPath = "";
			projectRoot = "";
			targets = (
				1CC766AA1AA31DC200BF3D63 /* ShutdownMyMac */,
			);
		};
/* End PBXProject section */

/* Begin PBXResourcesBuildPhase section */
		1CC766A91AA31DC200BF3D63 /* Resources */ = {
			isa = PBXResourcesBuildPhase;
			buildActionMask = 2147483647;
			files = (
				1C92CD841AB77BD4001C1977 /* Icon.png in Resources */,
				1C760C581AB5B623004E942D /* Localizable.strings in Resources */,
				1C57437E1AACDD5E0054451B /* StatusItemMenu.xib in Resources */,
				1C7D76C61AB7815F00F79D14 /* Images.xcassets in Resources */,
				1CC766BC1AA31DC200BF3D63 /* Main.storyboard in Resources */,
				1C909ABC1AAF801D00D985AF /* DockMenu.xib in Resources */,
			);
			runOnlyForDeploymentPostprocessing = 0;
		};
/* End PBXResourcesBuildPhase section */

/* Begin PBXSourcesBuildPhase section */
		1CC766A71AA31DC200BF3D63 /* Sources */ = {
			isa = PBXSourcesBuildPhase;
			buildActionMask = 2147483647;
			files = (
				1C760C551AB5B502004E942D /* SDMMPreferencesWindowController.m in Sources */,
				1C57437C1AACB7BA0054451B /* SDMMUserPreferencesManager.m in Sources */,
				1CE89ED21AAC866800735C82 /* SDMMPreferencesRootViewController.m in Sources */,
				1C760C4F1AB5ABCE004E942D /* SDMMPreferencesAboutViewController.m in Sources */,
				1CC766D31AA31E3E00BF3D63 /* SDMMServiceManager.m in Sources */,
				1C5743811AACE87A0054451B /* SDMMStatusMenuController.m in Sources */,
				1CBF39591AAC3ADA001525D6 /* LSHelper.m in Sources */,
				1C760C521AB5AE26004E942D /* NSAttributedString+Hyperlink.m in Sources */,
				1C909ABF1AAF810A00D985AF /* SDMMDockMenuController.m in Sources */,
				1CB225321AB42C8800E5BC5B /* SDMMBonjourHelperChannel.m in Sources */,
				1C6DF9251AB0D824000CC7C5 /* SDMMBonjourHelper.m in Sources */,
				1CC766B71AA31DC200BF3D63 /* SDMMPreferencesGeneralViewController.m in Sources */,
				1C279AF41AB2183A0018CA48 /* SDMMPreferencesDevicesViewController.m in Sources */,
				1CC766B41AA31DC200BF3D63 /* main.m in Sources */,
				1CC766B21AA31DC200BF3D63 /* AppDelegate.m in Sources */,
			);
			runOnlyForDeploymentPostprocessing = 0;
		};
/* End PBXSourcesBuildPhase section */

/* Begin PBXVariantGroup section */
		1C760C561AB5B623004E942D /* Localizable.strings */ = {
			isa = PBXVariantGroup;
			children = (
				1C760C591AB5B630004E942D /* Base */,
			);
			name = Localizable.strings;
			sourceTree = "<group>";
		};
		1CC766BA1AA31DC200BF3D63 /* Main.storyboard */ = {
			isa = PBXVariantGroup;
			children = (
				1CC766BB1AA31DC200BF3D63 /* Base */,
			);
			name = Main.storyboard;
			sourceTree = "<group>";
		};
/* End PBXVariantGroup section */

/* Begin XCBuildConfiguration section */
		1CC766C91AA31DC200BF3D63 /* Debug */ = {
			isa = XCBuildConfiguration;
			buildSettings = {
				ALWAYS_SEARCH_USER_PATHS = NO;
				CLANG_CXX_LANGUAGE_STANDARD = "gnu++0x";
				CLANG_CXX_LIBRARY = "libc++";
				CLANG_ENABLE_MODULES = YES;
				CLANG_ENABLE_OBJC_ARC = YES;
				CLANG_WARN_BOOL_CONVERSION = YES;
				CLANG_WARN_CONSTANT_CONVERSION = YES;
				CLANG_WARN_DIRECT_OBJC_ISA_USAGE = YES_ERROR;
				CLANG_WARN_EMPTY_BODY = YES;
				CLANG_WARN_ENUM_CONVERSION = YES;
				CLANG_WARN_INT_CONVERSION = YES;
				CLANG_WARN_OBJC_ROOT_CLASS = YES_ERROR;
				CLANG_WARN_UNREACHABLE_CODE = YES;
				CLANG_WARN__DUPLICATE_METHOD_MATCH = YES;
				CODE_SIGN_IDENTITY = "-";
				COPY_PHASE_STRIP = NO;
				ENABLE_STRICT_OBJC_MSGSEND = YES;
				GCC_C_LANGUAGE_STANDARD = gnu99;
				GCC_DYNAMIC_NO_PIC = NO;
				GCC_OPTIMIZATION_LEVEL = 0;
				GCC_PREPROCESSOR_DEFINITIONS = (
					"DEBUG=1",
					"$(inherited)",
				);
				GCC_SYMBOLS_PRIVATE_EXTERN = NO;
				GCC_WARN_64_TO_32_BIT_CONVERSION = YES;
				GCC_WARN_ABOUT_RETURN_TYPE = YES_ERROR;
				GCC_WARN_UNDECLARED_SELECTOR = YES;
				GCC_WARN_UNINITIALIZED_AUTOS = YES_AGGRESSIVE;
				GCC_WARN_UNUSED_FUNCTION = YES;
				GCC_WARN_UNUSED_VARIABLE = YES;
				MACOSX_DEPLOYMENT_TARGET = 10.10;
				MTL_ENABLE_DEBUG_INFO = YES;
				ONLY_ACTIVE_ARCH = YES;
				PRODUCT_NAME = ShutdownMyMac;
				SDKROOT = macosx;
			};
			name = Debug;
		};
		1CC766CA1AA31DC200BF3D63 /* Release */ = {
			isa = XCBuildConfiguration;
			buildSettings = {
				ALWAYS_SEARCH_USER_PATHS = NO;
				CLANG_CXX_LANGUAGE_STANDARD = "gnu++0x";
				CLANG_CXX_LIBRARY = "libc++";
				CLANG_ENABLE_MODULES = YES;
				CLANG_ENABLE_OBJC_ARC = YES;
				CLANG_WARN_BOOL_CONVERSION = YES;
				CLANG_WARN_CONSTANT_CONVERSION = YES;
				CLANG_WARN_DIRECT_OBJC_ISA_USAGE = YES_ERROR;
				CLANG_WARN_EMPTY_BODY = YES;
				CLANG_WARN_ENUM_CONVERSION = YES;
				CLANG_WARN_INT_CONVERSION = YES;
				CLANG_WARN_OBJC_ROOT_CLASS = YES_ERROR;
				CLANG_WARN_UNREACHABLE_CODE = YES;
				CLANG_WARN__DUPLICATE_METHOD_MATCH = YES;
				CODE_SIGN_IDENTITY = "-";
				COPY_PHASE_STRIP = YES;
				DEBUG_INFORMATION_FORMAT = "dwarf-with-dsym";
				ENABLE_NS_ASSERTIONS = NO;
				ENABLE_STRICT_OBJC_MSGSEND = YES;
				GCC_C_LANGUAGE_STANDARD = gnu99;
				GCC_WARN_64_TO_32_BIT_CONVERSION = YES;
				GCC_WARN_ABOUT_RETURN_TYPE = YES_ERROR;
				GCC_WARN_UNDECLARED_SELECTOR = YES;
				GCC_WARN_UNINITIALIZED_AUTOS = YES_AGGRESSIVE;
				GCC_WARN_UNUSED_FUNCTION = YES;
				GCC_WARN_UNUSED_VARIABLE = YES;
				MACOSX_DEPLOYMENT_TARGET = 10.10;
				MTL_ENABLE_DEBUG_INFO = NO;
				PRODUCT_NAME = ShutdownMyMac;
				SDKROOT = macosx;
			};
			name = Release;
		};
		1CC766CC1AA31DC200BF3D63 /* Debug */ = {
			isa = XCBuildConfiguration;
			buildSettings = {
				ASSETCATALOG_COMPILER_APPICON_NAME = AppIcon;
				COMBINE_HIDPI_IMAGES = YES;
				INFOPLIST_FILE = "ShutdownMyMac-MacOSX/Info.plist";
				LD_RUNPATH_SEARCH_PATHS = "$(inherited) @executable_path/../Frameworks";
				PRODUCT_NAME = "$(TARGET_NAME)";
			};
			name = Debug;
		};
		1CC766CD1AA31DC200BF3D63 /* Release */ = {
			isa = XCBuildConfiguration;
			buildSettings = {
				ASSETCATALOG_COMPILER_APPICON_NAME = AppIcon;
				COMBINE_HIDPI_IMAGES = YES;
				INFOPLIST_FILE = "ShutdownMyMac-MacOSX/Info.plist";
				LD_RUNPATH_SEARCH_PATHS = "$(inherited) @executable_path/../Frameworks";
				PRODUCT_NAME = "$(TARGET_NAME)";
			};
			name = Release;
		};
/* End XCBuildConfiguration section */

/* Begin XCConfigurationList section */
		1CC766A61AA31DC200BF3D63 /* Build configuration list for PBXProject "ShutdownMyMac-MacOSX" */ = {
			isa = XCConfigurationList;
			buildConfigurations = (
				1CC766C91AA31DC200BF3D63 /* Debug */,
				1CC766CA1AA31DC200BF3D63 /* Release */,
			);
			defaultConfigurationIsVisible = 0;
			defaultConfigurationName = Release;
		};
		1CC766CB1AA31DC200BF3D63 /* Build configuration list for PBXNativeTarget "ShutdownMyMac" */ = {
			isa = XCConfigurationList;
			buildConfigurations = (
				1CC766CC1AA31DC200BF3D63 /* Debug */,
				1CC766CD1AA31DC200BF3D63 /* Release */,
			);
			defaultConfigurationIsVisible = 0;
			defaultConfigurationName = Release;
		};
/* End XCConfigurationList section */
	};
	rootObject = 1CC766A31AA31DC200BF3D63 /* Project object */;
}
